{
  "version": 4,
  "terraform_version": "1.1.2",
  "serial": 9,
  "lineage": "9802e52c-0b84-a4f0-078c-4908e86569a1",
  "outputs": {},
  "resources": [
    {
      "module": "module.news",
      "mode": "data",
      "type": "yandex_compute_image",
      "name": "image",
      "provider": "provider[\"registry.terraform.io/yandex-cloud/yandex\"]",
      "instances": [
        {
          "schema_version": 0,
          "attributes": {
            "created_at": "2022-01-10T10:38:22Z",
            "description": "centos 8",
            "family": "centos-8",
            "folder_id": "standard-images",
            "id": "fd8ado7482q27kj6erb4",
            "image_id": "fd8ado7482q27kj6erb4",
            "labels": {},
            "min_disk_size": 10,
            "name": "centos-8-v20220110",
            "os_type": "linux",
            "product_ids": [
              "f2edh9jiuhvkvdja6dpg"
            ],
            "size": 2,
            "status": "ready"
          },
          "sensitive_attributes": []
        }
      ]
    },
    {
      "module": "module.news",
      "mode": "managed",
      "type": "yandex_compute_instance",
      "name": "instance",
      "provider": "provider[\"registry.terraform.io/yandex-cloud/yandex\"]",
      "instances": [
        {
          "index_key": 0,
          "schema_version": 1,
          "attributes": {
            "allow_stopping_for_update": null,
            "boot_disk": [
              {
                "auto_delete": true,
                "device_name": "fhm21bvlqc27habic5qn",
                "disk_id": "fhm21bvlqc27habic5qn",
                "initialize_params": [
                  {
                    "description": "",
                    "image_id": "fd8ado7482q27kj6erb4",
                    "name": "",
                    "size": 40,
                    "snapshot_id": "",
                    "type": "network-ssd"
                  }
                ],
                "mode": "READ_WRITE"
              }
            ],
            "created_at": "2022-01-12T18:52:09Z",
            "description": "News App Demo",
            "folder_id": "b1gg49lefs6j79btf13t",
            "fqdn": "news-1.ru-central1.internal",
            "hostname": "news-1",
            "id": "fhmi4mgh999749r3efuv",
            "labels": null,
            "metadata": {
              "ssh-keys": "centos:ssh-rsa AAAAB3NzaC1yc2EAAAADAQABAAABgQDYkpLjvHd2E7y+T36tdg4THmL0UTn5qgIHHUuBlDGmfU1QaJfjcvhKdG7ObAtY+tTz0K8RAdhQ+Twd73+SdH2DvASNpggG0wxgtYs4uYJddO1xIYvGPOyQBK70mkRH+YPqEv/+kaBkItepDw0gKHSeDD5sURSb67dWOivY12c0XaK9dTc0oyY+1VPoKjAXaEPB62fZL4d6Prdty1Fw5Giw+LCmBhgKsCXii07u8dPEJ8o38QlsgUoLT4QDYWd+uwYNVnn960fcrRp3m3LhbUePEdMkRymjnTuOwHHkLCS6So6oxwAvBFdRv/3QlRqRASaYs63zIM6kpBsDs4A0T3rm+CjvG1udtWPgESOWzoxPiOBi0ZW3Wghoj6Ccb+poGkVhNqBThfvXZ1+Vx58+/4vtkOEbjGUUfQShQbrHmRZYXWTPM74bX10a07DwTllckBs7/5/NOdB0wLbP8zqnk2YSHD9hhQw6+0xfVwwZiDUNq7+Gq3zBdI4u2zc6+oD8vPE= evgen@evgen-VB\n"
            },
            "name": "news-1",
            "network_acceleration_type": "standard",
            "network_interface": [
              {
                "dns_record": [],
                "index": 0,
                "ip_address": "10.128.0.28",
                "ipv4": true,
                "ipv6": false,
                "ipv6_address": "",
                "ipv6_dns_record": [],
                "mac_address": "d0:0d:12:25:a1:14",
                "nat": true,
                "nat_dns_record": [],
                "nat_ip_address": "62.84.126.69",
                "nat_ip_version": "IPV4",
                "security_group_ids": [],
                "subnet_id": "e9bcac5i0lv83iobtoal"
              }
            ],
            "placement_policy": [
              {
                "placement_group_id": ""
              }
            ],
            "platform_id": "standard-v2",
            "resources": [
              {
                "core_fraction": 100,
                "cores": 2,
                "gpus": 0,
                "memory": 2
              }
            ],
            "scheduling_policy": [
              {
                "preemptible": false
              }
            ],
            "secondary_disk": [],
            "service_account_id": "",
            "status": "running",
            "timeouts": null,
            "zone": "ru-central1-a"
          },
          "sensitive_attributes": [],
          "private": "eyJlMmJmYjczMC1lY2FhLTExZTYtOGY4OC0zNDM2M2JjN2M0YzAiOnsiY3JlYXRlIjozMDAwMDAwMDAwMDAsImRlbGV0ZSI6MzAwMDAwMDAwMDAwLCJ1cGRhdGUiOjMwMDAwMDAwMDAwMH0sInNjaGVtYV92ZXJzaW9uIjoiMSJ9",
          "dependencies": [
            "module.news.data.yandex_compute_image.image",
            "module.vpc.data.yandex_compute_image.nat_instance",
            "module.vpc.yandex_compute_instance.nat_instance",
            "module.vpc.yandex_resourcemanager_folder.folder",
            "module.vpc.yandex_vpc_network.this",
            "module.vpc.yandex_vpc_route_table.nat_instance",
            "module.vpc.yandex_vpc_subnet.public",
            "module.vpc.yandex_vpc_subnet.this"
          ]
        },
        {
          "index_key": 1,
          "schema_version": 1,
          "attributes": {
            "allow_stopping_for_update": null,
            "boot_disk": [
              {
                "auto_delete": true,
                "device_name": "fhmaqrqg8e4adl4vj9o6",
                "disk_id": "fhmaqrqg8e4adl4vj9o6",
                "initialize_params": [
                  {
                    "description": "",
                    "image_id": "fd8ado7482q27kj6erb4",
                    "name": "",
                    "size": 40,
                    "snapshot_id": "",
                    "type": "network-ssd"
                  }
                ],
                "mode": "READ_WRITE"
              }
            ],
            "created_at": "2022-01-12T18:52:09Z",
            "description": "News App Demo",
            "folder_id": "b1gg49lefs6j79btf13t",
            "fqdn": "news-2.ru-central1.internal",
            "hostname": "news-2",
            "id": "fhmlgkg9m019b1lp6ic6",
            "labels": null,
            "metadata": {
              "ssh-keys": "centos:ssh-rsa AAAAB3NzaC1yc2EAAAADAQABAAABgQDYkpLjvHd2E7y+T36tdg4THmL0UTn5qgIHHUuBlDGmfU1QaJfjcvhKdG7ObAtY+tTz0K8RAdhQ+Twd73+SdH2DvASNpggG0wxgtYs4uYJddO1xIYvGPOyQBK70mkRH+YPqEv/+kaBkItepDw0gKHSeDD5sURSb67dWOivY12c0XaK9dTc0oyY+1VPoKjAXaEPB62fZL4d6Prdty1Fw5Giw+LCmBhgKsCXii07u8dPEJ8o38QlsgUoLT4QDYWd+uwYNVnn960fcrRp3m3LhbUePEdMkRymjnTuOwHHkLCS6So6oxwAvBFdRv/3QlRqRASaYs63zIM6kpBsDs4A0T3rm+CjvG1udtWPgESOWzoxPiOBi0ZW3Wghoj6Ccb+poGkVhNqBThfvXZ1+Vx58+/4vtkOEbjGUUfQShQbrHmRZYXWTPM74bX10a07DwTllckBs7/5/NOdB0wLbP8zqnk2YSHD9hhQw6+0xfVwwZiDUNq7+Gq3zBdI4u2zc6+oD8vPE= evgen@evgen-VB\n"
            },
            "name": "news-2",
            "network_acceleration_type": "standard",
            "network_interface": [
              {
                "dns_record": [],
                "index": 0,
                "ip_address": "10.128.0.33",
                "ipv4": true,
                "ipv6": false,
                "ipv6_address": "",
                "ipv6_dns_record": [],
                "mac_address": "d0:0d:15:85:20:9b",
                "nat": true,
                "nat_dns_record": [],
                "nat_ip_address": "62.84.126.114",
                "nat_ip_version": "IPV4",
                "security_group_ids": [],
                "subnet_id": "e9bcac5i0lv83iobtoal"
              }
            ],
            "placement_policy": [
              {
                "placement_group_id": ""
              }
            ],
            "platform_id": "standard-v2",
            "resources": [
              {
                "core_fraction": 100,
                "cores": 2,
                "gpus": 0,
                "memory": 2
              }
            ],
            "scheduling_policy": [
              {
                "preemptible": false
              }
            ],
            "secondary_disk": [],
            "service_account_id": "",
            "status": "running",
            "timeouts": null,
            "zone": "ru-central1-a"
          },
          "sensitive_attributes": [],
          "private": "eyJlMmJmYjczMC1lY2FhLTExZTYtOGY4OC0zNDM2M2JjN2M0YzAiOnsiY3JlYXRlIjozMDAwMDAwMDAwMDAsImRlbGV0ZSI6MzAwMDAwMDAwMDAwLCJ1cGRhdGUiOjMwMDAwMDAwMDAwMH0sInNjaGVtYV92ZXJzaW9uIjoiMSJ9",
          "dependencies": [
            "module.news.data.yandex_compute_image.image",
            "module.vpc.data.yandex_compute_image.nat_instance",
            "module.vpc.yandex_compute_instance.nat_instance",
            "module.vpc.yandex_resourcemanager_folder.folder",
            "module.vpc.yandex_vpc_network.this",
            "module.vpc.yandex_vpc_route_table.nat_instance",
            "module.vpc.yandex_vpc_subnet.public",
            "module.vpc.yandex_vpc_subnet.this"
          ]
        }
      ]
    },
    {
      "module": "module.vpc",
      "mode": "data",
      "type": "yandex_compute_image",
      "name": "nat_instance",
      "provider": "provider[\"registry.terraform.io/yandex-cloud/yandex\"]",
      "instances": [
        {
          "schema_version": 0,
          "attributes": {
            "created_at": "2021-02-08T21:22:42Z",
            "description": "Image with pre-configured routing and IP address translation rules.",
            "family": "nat-instance-ubuntu",
            "folder_id": "standard-images",
            "id": "fd8drj7lsj7btotd7et5",
            "image_id": "fd8drj7lsj7btotd7et5",
            "labels": {},
            "min_disk_size": 3,
            "name": "nat-instance-ubuntu-1612818947",
            "os_type": "linux",
            "product_ids": [
              "f2eemt3jkf963ul13et5"
            ],
            "size": 2,
            "status": "ready"
          },
          "sensitive_attributes": []
        }
      ]
    },
    {
      "module": "module.vpc",
      "mode": "managed",
      "type": "yandex_vpc_network",
      "name": "this",
      "provider": "provider[\"registry.terraform.io/yandex-cloud/yandex\"]",
      "instances": [
        {
          "schema_version": 0,
          "attributes": {
            "created_at": "2022-01-12T18:52:05Z",
            "default_security_group_id": "",
            "description": "managed by terraform prod network",
            "folder_id": "b1gg49lefs6j79btf13t",
            "id": "enpvvb03ppua8us2l44g",
            "labels": null,
            "name": "prod",
            "subnet_ids": [],
            "timeouts": null
          },
          "sensitive_attributes": [],
          "private": "eyJlMmJmYjczMC1lY2FhLTExZTYtOGY4OC0zNDM2M2JjN2M0YzAiOnsiY3JlYXRlIjo2MDAwMDAwMDAwMCwiZGVsZXRlIjo2MDAwMDAwMDAwMCwidXBkYXRlIjo2MDAwMDAwMDAwMH19",
          "dependencies": [
            "module.vpc.yandex_resourcemanager_folder.folder"
          ]
        }
      ]
    },
    {
      "module": "module.vpc",
      "mode": "managed",
      "type": "yandex_vpc_subnet",
      "name": "this",
      "provider": "provider[\"registry.terraform.io/yandex-cloud/yandex\"]",
      "instances": [
        {
          "index_key": "ru-central1-a",
          "schema_version": 0,
          "attributes": {
            "created_at": "2022-01-12T18:52:06Z",
            "description": "managed by terraform prod subnet for zone ru-central1-a",
            "dhcp_options": [],
            "folder_id": "b1gg49lefs6j79btf13t",
            "id": "e9bcac5i0lv83iobtoal",
            "labels": null,
            "name": "prod-ru-central1-a",
            "network_id": "enpvvb03ppua8us2l44g",
            "route_table_id": "",
            "timeouts": null,
            "v4_cidr_blocks": [
              "10.128.0.0/24"
            ],
            "v6_cidr_blocks": [],
            "zone": "ru-central1-a"
          },
          "sensitive_attributes": [],
          "private": "eyJlMmJmYjczMC1lY2FhLTExZTYtOGY4OC0zNDM2M2JjN2M0YzAiOnsiY3JlYXRlIjoxODAwMDAwMDAwMDAsImRlbGV0ZSI6MTgwMDAwMDAwMDAwLCJ1cGRhdGUiOjE4MDAwMDAwMDAwMH19",
          "dependencies": [
            "module.vpc.yandex_resourcemanager_folder.folder",
            "module.vpc.yandex_vpc_network.this",
            "module.vpc.yandex_vpc_route_table.nat_instance"
          ]
        },
        {
          "index_key": "ru-central1-b",
          "schema_version": 0,
          "attributes": {
            "created_at": "2022-01-12T18:52:07Z",
            "description": "managed by terraform prod subnet for zone ru-central1-b",
            "dhcp_options": [],
            "folder_id": "b1gg49lefs6j79btf13t",
            "id": "e2lrrkq44dv752umle2r",
            "labels": null,
            "name": "prod-ru-central1-b",
            "network_id": "enpvvb03ppua8us2l44g",
            "route_table_id": "",
            "timeouts": null,
            "v4_cidr_blocks": [
              "10.129.0.0/24"
            ],
            "v6_cidr_blocks": [],
            "zone": "ru-central1-b"
          },
          "sensitive_attributes": [],
          "private": "eyJlMmJmYjczMC1lY2FhLTExZTYtOGY4OC0zNDM2M2JjN2M0YzAiOnsiY3JlYXRlIjoxODAwMDAwMDAwMDAsImRlbGV0ZSI6MTgwMDAwMDAwMDAwLCJ1cGRhdGUiOjE4MDAwMDAwMDAwMH19",
          "dependencies": [
            "module.vpc.yandex_resourcemanager_folder.folder",
            "module.vpc.yandex_vpc_network.this",
            "module.vpc.yandex_vpc_route_table.nat_instance"
          ]
        },
        {
          "index_key": "ru-central1-c",
          "schema_version": 0,
          "attributes": {
            "created_at": "2022-01-12T18:52:06Z",
            "description": "managed by terraform prod subnet for zone ru-central1-c",
            "dhcp_options": [],
            "folder_id": "b1gg49lefs6j79btf13t",
            "id": "b0cbt8qmn8dl4gv7a75r",
            "labels": null,
            "name": "prod-ru-central1-c",
            "network_id": "enpvvb03ppua8us2l44g",
            "route_table_id": "",
            "timeouts": null,
            "v4_cidr_blocks": [
              "10.130.0.0/24"
            ],
            "v6_cidr_blocks": [],
            "zone": "ru-central1-c"
          },
          "sensitive_attributes": [],
          "private": "eyJlMmJmYjczMC1lY2FhLTExZTYtOGY4OC0zNDM2M2JjN2M0YzAiOnsiY3JlYXRlIjoxODAwMDAwMDAwMDAsImRlbGV0ZSI6MTgwMDAwMDAwMDAwLCJ1cGRhdGUiOjE4MDAwMDAwMDAwMH19",
          "dependencies": [
            "module.vpc.yandex_resourcemanager_folder.folder",
            "module.vpc.yandex_vpc_network.this",
            "module.vpc.yandex_vpc_route_table.nat_instance"
          ]
        }
      ]
    }
  ]
}
